// !$*UTF8*$!
{
	archiveVersion = 1;
	classes = {
	};
	objectVersion = 56;
	objects = {

/* Begin PBXBuildFile section */
		271DF0562BE193C6007DC5F7 /* MapViewRepresentable.swift in Sources */ = {isa = PBXBuildFile; fileRef = 271DF0552BE193C6007DC5F7 /* MapViewRepresentable.swift */; };
		271DF0582BE199FF007DC5F7 /* MapViewContainer.swift in Sources */ = {isa = PBXBuildFile; fileRef = 271DF0572BE199FF007DC5F7 /* MapViewContainer.swift */; };
		27FFF3DB2BE40F940008B22B /* AppLockManager.swift in Sources */ = {isa = PBXBuildFile; fileRef = 27FFF3DA2BE40F940008B22B /* AppLockManager.swift */; };
		27FFF3E32BE50DC10008B22B /* LaunchScreen.storyboard in Resources */ = {isa = PBXBuildFile; fileRef = 27FFF3E22BE50DC10008B22B /* LaunchScreen.storyboard */; };
		3693DFF62BE40892003F83BD /* Supabase in Frameworks */ = {isa = PBXBuildFile; productRef = 3693DFF52BE40892003F83BD /* Supabase */; };
		3693DFFA2BE41215003F83BD /* UserAuth.swift in Sources */ = {isa = PBXBuildFile; fileRef = 3693DFF92BE41215003F83BD /* UserAuth.swift */; };
		36B2188C2BE91F3600CAE5AB /* PasswordResetView.swift in Sources */ = {isa = PBXBuildFile; fileRef = 36B2187F2BE91F3600CAE5AB /* PasswordResetView.swift */; };
		36B2188D2BE91F3600CAE5AB /* MapView.swift in Sources */ = {isa = PBXBuildFile; fileRef = 36B218802BE91F3600CAE5AB /* MapView.swift */; };
		36B2188E2BE91F3600CAE5AB /* SecurityView.swift in Sources */ = {isa = PBXBuildFile; fileRef = 36B218812BE91F3600CAE5AB /* SecurityView.swift */; };
		36B2188F2BE91F3600CAE5AB /* AddFriendsView.swift in Sources */ = {isa = PBXBuildFile; fileRef = 36B218822BE91F3600CAE5AB /* AddFriendsView.swift */; };
		36B218902BE91F3600CAE5AB /* FriendProfileView.swift in Sources */ = {isa = PBXBuildFile; fileRef = 36B218832BE91F3600CAE5AB /* FriendProfileView.swift */; };
		36B218912BE91F3600CAE5AB /* LoginView.swift in Sources */ = {isa = PBXBuildFile; fileRef = 36B218842BE91F3600CAE5AB /* LoginView.swift */; };
		36B218922BE91F3600CAE5AB /* RegistrationView.swift in Sources */ = {isa = PBXBuildFile; fileRef = 36B218852BE91F3600CAE5AB /* RegistrationView.swift */; };
		36B218932BE91F3600CAE5AB /* ChatsView.swift in Sources */ = {isa = PBXBuildFile; fileRef = 36B218862BE91F3600CAE5AB /* ChatsView.swift */; };
		36B218942BE91F3600CAE5AB /* SettingView.swift in Sources */ = {isa = PBXBuildFile; fileRef = 36B218872BE91F3600CAE5AB /* SettingView.swift */; };
		36B218952BE91F3600CAE5AB /* ProflieView.swift in Sources */ = {isa = PBXBuildFile; fileRef = 36B218882BE91F3600CAE5AB /* ProflieView.swift */; };
		36B218962BE91F3600CAE5AB /* AuthenticationView.swift in Sources */ = {isa = PBXBuildFile; fileRef = 36B218892BE91F3600CAE5AB /* AuthenticationView.swift */; };
		36B218972BE91F3600CAE5AB /* InventoryView.swift in Sources */ = {isa = PBXBuildFile; fileRef = 36B2188A2BE91F3600CAE5AB /* InventoryView.swift */; };
		36B218982BE91F3600CAE5AB /* ChatWindowView.swift in Sources */ = {isa = PBXBuildFile; fileRef = 36B2188B2BE91F3600CAE5AB /* ChatWindowView.swift */; };
		36B2189A2BE91F4C00CAE5AB /* LocationManager.swift in Sources */ = {isa = PBXBuildFile; fileRef = 36B218992BE91F4C00CAE5AB /* LocationManager.swift */; };
		36B2189D2BE91F6D00CAE5AB /* Message.swift in Sources */ = {isa = PBXBuildFile; fileRef = 36B2189B2BE91F6D00CAE5AB /* Message.swift */; };
		36B218A02BE920EC00CAE5AB /* Release.xcconfig in Resources */ = {isa = PBXBuildFile; fileRef = 36B2189E2BE920EC00CAE5AB /* Release.xcconfig */; };
		36B218A12BE920EC00CAE5AB /* Debug.xcconfig in Resources */ = {isa = PBXBuildFile; fileRef = 36B2189F2BE920EC00CAE5AB /* Debug.xcconfig */; };
		792A4A552BDAEB0500CBCCB1 /* Person_GoApp.swift in Sources */ = {isa = PBXBuildFile; fileRef = 792A4A542BDAEB0500CBCCB1 /* Person_GoApp.swift */; };
		792A4A572BDAEB0500CBCCB1 /* ContentView.swift in Sources */ = {isa = PBXBuildFile; fileRef = 792A4A562BDAEB0500CBCCB1 /* ContentView.swift */; };
		792A4A592BDAEB0800CBCCB1 /* Assets.xcassets in Resources */ = {isa = PBXBuildFile; fileRef = 792A4A582BDAEB0800CBCCB1 /* Assets.xcassets */; };
		792A4A5C2BDAEB0800CBCCB1 /* Preview Assets.xcassets in Resources */ = {isa = PBXBuildFile; fileRef = 792A4A5B2BDAEB0800CBCCB1 /* Preview Assets.xcassets */; };
		792A4A6C2BDB056D00CBCCB1 /* SettingView.swift in Sources */ = {isa = PBXBuildFile; fileRef = 792A4A6B2BDB056D00CBCCB1 /* SettingView.swift */; };
		792A4A6E2BDB059000CBCCB1 /* InventoryView.swift in Sources */ = {isa = PBXBuildFile; fileRef = 792A4A6D2BDB059000CBCCB1 /* InventoryView.swift */; };
		792A4A702BDB05A700CBCCB1 /* MapView.swift in Sources */ = {isa = PBXBuildFile; fileRef = 792A4A6F2BDB05A700CBCCB1 /* MapView.swift */; };
		792A4A722BDB05BE00CBCCB1 /* ChatsView.swift in Sources */ = {isa = PBXBuildFile; fileRef = 792A4A712BDB05BE00CBCCB1 /* ChatsView.swift */; };
		7F8D6C212BF8F0B30035DF7B /* Friend.swift in Sources */ = {isa = PBXBuildFile; fileRef = 7F8D6C202BF8F0B30035DF7B /* Friend.swift */; };
		7F8D6C232BF8F0EF0035DF7B /* LaunchListView.swift in Sources */ = {isa = PBXBuildFile; fileRef = 7F8D6C222BF8F0EF0035DF7B /* LaunchListView.swift */; };
		7F8D6C252BF901C80035DF7B /* AboutView.swift in Sources */ = {isa = PBXBuildFile; fileRef = 7F8D6C242BF901C80035DF7B /* AboutView.swift */; };
		7F8D6C272BF9079A0035DF7B /* NotificationView.swift in Sources */ = {isa = PBXBuildFile; fileRef = 7F8D6C262BF9079A0035DF7B /* NotificationView.swift */; };
/* End PBXBuildFile section */

/* Begin PBXFileReference section */
		271DF0552BE193C6007DC5F7 /* MapViewRepresentable.swift */ = {isa = PBXFileReference; lastKnownFileType = sourcecode.swift; path = MapViewRepresentable.swift; sourceTree = "<group>"; };
		271DF0572BE199FF007DC5F7 /* MapViewContainer.swift */ = {isa = PBXFileReference; lastKnownFileType = sourcecode.swift; path = MapViewContainer.swift; sourceTree = "<group>"; };
		27FFF3DA2BE40F940008B22B /* AppLockManager.swift */ = {isa = PBXFileReference; lastKnownFileType = sourcecode.swift; path = AppLockManager.swift; sourceTree = "<group>"; };
		27FFF3E22BE50DC10008B22B /* LaunchScreen.storyboard */ = {isa = PBXFileReference; lastKnownFileType = file.storyboard; path = LaunchScreen.storyboard; sourceTree = "<group>"; };
		3693DFF92BE41215003F83BD /* UserAuth.swift */ = {isa = PBXFileReference; lastKnownFileType = sourcecode.swift; path = UserAuth.swift; sourceTree = "<group>"; };
		3693DFFC2BE41AC3003F83BD /* Info.plist */ = {isa = PBXFileReference; lastKnownFileType = text.plist; path = Info.plist; sourceTree = "<group>"; };
		36B2187F2BE91F3600CAE5AB /* PasswordResetView.swift */ = {isa = PBXFileReference; fileEncoding = 4; lastKnownFileType = sourcecode.swift; path = PasswordResetView.swift; sourceTree = "<group>"; };
		36B218802BE91F3600CAE5AB /* MapView.swift */ = {isa = PBXFileReference; fileEncoding = 4; lastKnownFileType = sourcecode.swift; path = MapView.swift; sourceTree = "<group>"; };
		36B218812BE91F3600CAE5AB /* SecurityView.swift */ = {isa = PBXFileReference; fileEncoding = 4; lastKnownFileType = sourcecode.swift; path = SecurityView.swift; sourceTree = "<group>"; };
		36B218822BE91F3600CAE5AB /* AddFriendsView.swift */ = {isa = PBXFileReference; fileEncoding = 4; lastKnownFileType = sourcecode.swift; path = AddFriendsView.swift; sourceTree = "<group>"; };
		36B218832BE91F3600CAE5AB /* FriendProfileView.swift */ = {isa = PBXFileReference; fileEncoding = 4; lastKnownFileType = sourcecode.swift; path = FriendProfileView.swift; sourceTree = "<group>"; };
		36B218842BE91F3600CAE5AB /* LoginView.swift */ = {isa = PBXFileReference; fileEncoding = 4; lastKnownFileType = sourcecode.swift; path = LoginView.swift; sourceTree = "<group>"; };
		36B218852BE91F3600CAE5AB /* RegistrationView.swift */ = {isa = PBXFileReference; fileEncoding = 4; lastKnownFileType = sourcecode.swift; path = RegistrationView.swift; sourceTree = "<group>"; };
		36B218862BE91F3600CAE5AB /* ChatsView.swift */ = {isa = PBXFileReference; fileEncoding = 4; lastKnownFileType = sourcecode.swift; path = ChatsView.swift; sourceTree = "<group>"; };
		36B218872BE91F3600CAE5AB /* SettingView.swift */ = {isa = PBXFileReference; fileEncoding = 4; lastKnownFileType = sourcecode.swift; path = SettingView.swift; sourceTree = "<group>"; };
		36B218882BE91F3600CAE5AB /* ProflieView.swift */ = {isa = PBXFileReference; fileEncoding = 4; lastKnownFileType = sourcecode.swift; path = ProflieView.swift; sourceTree = "<group>"; };
		36B218892BE91F3600CAE5AB /* AuthenticationView.swift */ = {isa = PBXFileReference; fileEncoding = 4; lastKnownFileType = sourcecode.swift; path = AuthenticationView.swift; sourceTree = "<group>"; };
		36B2188A2BE91F3600CAE5AB /* InventoryView.swift */ = {isa = PBXFileReference; fileEncoding = 4; lastKnownFileType = sourcecode.swift; path = InventoryView.swift; sourceTree = "<group>"; };
		36B2188B2BE91F3600CAE5AB /* ChatWindowView.swift */ = {isa = PBXFileReference; fileEncoding = 4; lastKnownFileType = sourcecode.swift; path = ChatWindowView.swift; sourceTree = "<group>"; };
		36B218992BE91F4C00CAE5AB /* LocationManager.swift */ = {isa = PBXFileReference; fileEncoding = 4; lastKnownFileType = sourcecode.swift; path = LocationManager.swift; sourceTree = "<group>"; };
		36B2189B2BE91F6D00CAE5AB /* Message.swift */ = {isa = PBXFileReference; fileEncoding = 4; lastKnownFileType = sourcecode.swift; path = Message.swift; sourceTree = "<group>"; };
		36B2189E2BE920EC00CAE5AB /* Release.xcconfig */ = {isa = PBXFileReference; fileEncoding = 4; lastKnownFileType = text.xcconfig; path = Release.xcconfig; sourceTree = "<group>"; };
		36B2189F2BE920EC00CAE5AB /* Debug.xcconfig */ = {isa = PBXFileReference; fileEncoding = 4; lastKnownFileType = text.xcconfig; path = Debug.xcconfig; sourceTree = "<group>"; };
		792A4A512BDAEB0500CBCCB1 /* Person-Go.app */ = {isa = PBXFileReference; explicitFileType = wrapper.application; includeInIndex = 0; path = "Person-Go.app"; sourceTree = BUILT_PRODUCTS_DIR; };
		792A4A542BDAEB0500CBCCB1 /* Person_GoApp.swift */ = {isa = PBXFileReference; lastKnownFileType = sourcecode.swift; path = Person_GoApp.swift; sourceTree = "<group>"; };
		792A4A562BDAEB0500CBCCB1 /* ContentView.swift */ = {isa = PBXFileReference; lastKnownFileType = sourcecode.swift; path = ContentView.swift; sourceTree = "<group>"; };
		792A4A582BDAEB0800CBCCB1 /* Assets.xcassets */ = {isa = PBXFileReference; lastKnownFileType = folder.assetcatalog; path = Assets.xcassets; sourceTree = "<group>"; };
		792A4A5B2BDAEB0800CBCCB1 /* Preview Assets.xcassets */ = {isa = PBXFileReference; lastKnownFileType = folder.assetcatalog; path = "Preview Assets.xcassets"; sourceTree = "<group>"; };
		792A4A6B2BDB056D00CBCCB1 /* SettingView.swift */ = {isa = PBXFileReference; lastKnownFileType = sourcecode.swift; path = SettingView.swift; sourceTree = "<group>"; };
		792A4A6D2BDB059000CBCCB1 /* InventoryView.swift */ = {isa = PBXFileReference; lastKnownFileType = sourcecode.swift; path = InventoryView.swift; sourceTree = "<group>"; };
		792A4A6F2BDB05A700CBCCB1 /* MapView.swift */ = {isa = PBXFileReference; lastKnownFileType = sourcecode.swift; path = MapView.swift; sourceTree = "<group>"; };
		792A4A712BDB05BE00CBCCB1 /* ChatsView.swift */ = {isa = PBXFileReference; lastKnownFileType = sourcecode.swift; path = ChatsView.swift; sourceTree = "<group>"; };
		797370532BE96EEA006EC5B4 /* Debug.xcconfig */ = {isa = PBXFileReference; lastKnownFileType = text.xcconfig; path = Debug.xcconfig; sourceTree = "<group>"; };
		797370542BE96F00006EC5B4 /* Release.xcconfig */ = {isa = PBXFileReference; lastKnownFileType = text.xcconfig; path = Release.xcconfig; sourceTree = "<group>"; };
		7F8D6C202BF8F0B30035DF7B /* Friend.swift */ = {isa = PBXFileReference; lastKnownFileType = sourcecode.swift; path = Friend.swift; sourceTree = "<group>"; };
		7F8D6C222BF8F0EF0035DF7B /* LaunchListView.swift */ = {isa = PBXFileReference; lastKnownFileType = sourcecode.swift; path = LaunchListView.swift; sourceTree = "<group>"; };
		7F8D6C242BF901C80035DF7B /* AboutView.swift */ = {isa = PBXFileReference; lastKnownFileType = sourcecode.swift; path = AboutView.swift; sourceTree = "<group>"; };
		7F8D6C262BF9079A0035DF7B /* NotificationView.swift */ = {isa = PBXFileReference; lastKnownFileType = sourcecode.swift; path = NotificationView.swift; sourceTree = "<group>"; };
/* End PBXFileReference section */

/* Begin PBXFrameworksBuildPhase section */
		792A4A4E2BDAEB0500CBCCB1 /* Frameworks */ = {
			isa = PBXFrameworksBuildPhase;
			buildActionMask = 2147483647;
			files = (
				3693DFF62BE40892003F83BD /* Supabase in Frameworks */,
			);
			runOnlyForDeploymentPostprocessing = 0;
		};
/* End PBXFrameworksBuildPhase section */

/* Begin PBXGroup section */
		27FFF3DC2BE4FA1E0008B22B /* Managers */ = {
			isa = PBXGroup;
			children = (
				36B218992BE91F4C00CAE5AB /* LocationManager.swift */,
				27FFF3DA2BE40F940008B22B /* AppLockManager.swift */,
			);
			path = Managers;
			sourceTree = "<group>";
		};
		27FFF3DD2BE4FFF40008B22B /* Representables */ = {
			isa = PBXGroup;
			children = (
				271DF0552BE193C6007DC5F7 /* MapViewRepresentable.swift */,
			);
			path = Representables;
			sourceTree = "<group>";
		};
		27FFF3DE2BE5000E0008B22B /* Containers */ = {
			isa = PBXGroup;
			children = (
				271DF0572BE199FF007DC5F7 /* MapViewContainer.swift */,
			);
			path = Containers;
			sourceTree = "<group>";
		};
		36B2189C2BE91F6D00CAE5AB /* Model */ = {
			isa = PBXGroup;
			children = (
				36B2189B2BE91F6D00CAE5AB /* Message.swift */,
				3693DFF92BE41215003F83BD /* UserAuth.swift */,
				7F8D6C202BF8F0B30035DF7B /* Friend.swift */,
			);
			path = Model;
			sourceTree = "<group>";
		};
		792A4A482BDAEB0500CBCCB1 = {
			isa = PBXGroup;
			children = (
				36B2189F2BE920EC00CAE5AB /* Debug.xcconfig */,
				36B2189E2BE920EC00CAE5AB /* Release.xcconfig */,
				792A4A532BDAEB0500CBCCB1 /* Person-Go */,
				792A4A522BDAEB0500CBCCB1 /* Products */,
			);
			sourceTree = "<group>";
		};
		792A4A522BDAEB0500CBCCB1 /* Products */ = {
			isa = PBXGroup;
			children = (
				792A4A512BDAEB0500CBCCB1 /* Person-Go.app */,
			);
			name = Products;
			sourceTree = "<group>";
		};
		792A4A532BDAEB0500CBCCB1 /* Person-Go */ = {
			isa = PBXGroup;
			children = (
				3693DFFC2BE41AC3003F83BD /* Info.plist */,
				27FFF3E22BE50DC10008B22B /* LaunchScreen.storyboard */,
				792A4A562BDAEB0500CBCCB1 /* ContentView.swift */,
				792A4A542BDAEB0500CBCCB1 /* Person_GoApp.swift */,
				792A4A582BDAEB0800CBCCB1 /* Assets.xcassets */,
				27FFF3DE2BE5000E0008B22B /* Containers */,
				27FFF3DC2BE4FA1E0008B22B /* Managers */,
				36B2189C2BE91F6D00CAE5AB /* Model */,
				792A4A5A2BDAEB0800CBCCB1 /* Preview Content */,
				27FFF3DD2BE4FFF40008B22B /* Representables */,
				792A4A622BDB04C600CBCCB1 /* Views */,
			);
			path = "Person-Go";
			sourceTree = "<group>";
		};
		792A4A5A2BDAEB0800CBCCB1 /* Preview Content */ = {
			isa = PBXGroup;
			children = (
				792A4A5B2BDAEB0800CBCCB1 /* Preview Assets.xcassets */,
			);
			path = "Preview Content";
			sourceTree = "<group>";
		};
		792A4A622BDB04C600CBCCB1 /* Views */ = {
			isa = PBXGroup;
			children = (
				36B218822BE91F3600CAE5AB /* AddFriendsView.swift */,
				36B218892BE91F3600CAE5AB /* AuthenticationView.swift */,
				36B218862BE91F3600CAE5AB /* ChatsView.swift */,
				36B2188B2BE91F3600CAE5AB /* ChatWindowView.swift */,
				36B218832BE91F3600CAE5AB /* FriendProfileView.swift */,
				36B2188A2BE91F3600CAE5AB /* InventoryView.swift */,
				36B218842BE91F3600CAE5AB /* LoginView.swift */,
				36B218802BE91F3600CAE5AB /* MapView.swift */,
				36B2187F2BE91F3600CAE5AB /* PasswordResetView.swift */,
				36B218882BE91F3600CAE5AB /* ProflieView.swift */,
				36B218852BE91F3600CAE5AB /* RegistrationView.swift */,
				36B218812BE91F3600CAE5AB /* SecurityView.swift */,
				36B218872BE91F3600CAE5AB /* SettingView.swift */,
				792A4A6B2BDB056D00CBCCB1 /* SettingView.swift */,
				7F8D6C222BF8F0EF0035DF7B /* LaunchListView.swift */,
				7F8D6C242BF901C80035DF7B /* AboutView.swift */,
				7F8D6C262BF9079A0035DF7B /* NotificationView.swift */,
			);
			path = Views;
			sourceTree = "<group>";
		};
/* End PBXGroup section */

/* Begin PBXNativeTarget section */
		792A4A502BDAEB0500CBCCB1 /* Person-Go */ = {
			isa = PBXNativeTarget;
			buildConfigurationList = 792A4A5F2BDAEB0800CBCCB1 /* Build configuration list for PBXNativeTarget "Person-Go" */;
			buildPhases = (
				792A4A4D2BDAEB0500CBCCB1 /* Sources */,
				792A4A4E2BDAEB0500CBCCB1 /* Frameworks */,
				792A4A4F2BDAEB0500CBCCB1 /* Resources */,
			);
			buildRules = (
			);
			dependencies = (
			);
			name = "Person-Go";
			packageProductDependencies = (
				3693DFF52BE40892003F83BD /* Supabase */,
			);
			productName = "Person-Go";
			productReference = 792A4A512BDAEB0500CBCCB1 /* Person-Go.app */;
			productType = "com.apple.product-type.application";
		};
/* End PBXNativeTarget section */

/* Begin PBXProject section */
		792A4A492BDAEB0500CBCCB1 /* Project object */ = {
			isa = PBXProject;
			attributes = {
				BuildIndependentTargetsInParallel = 1;
				LastSwiftUpdateCheck = 1530;
				LastUpgradeCheck = 1530;
				TargetAttributes = {
					792A4A502BDAEB0500CBCCB1 = {
						CreatedOnToolsVersion = 15.3;
					};
				};
			};
			buildConfigurationList = 792A4A4C2BDAEB0500CBCCB1 /* Build configuration list for PBXProject "Person-Go" */;
			compatibilityVersion = "Xcode 14.0";
			developmentRegion = en;
			hasScannedForEncodings = 0;
			knownRegions = (
				en,
				Base,
			);
			mainGroup = 792A4A482BDAEB0500CBCCB1;
			packageReferences = (
				3693DFF42BE4080C003F83BD /* XCRemoteSwiftPackageReference "supabase-swift" */,
			);
			productRefGroup = 792A4A522BDAEB0500CBCCB1 /* Products */;
			projectDirPath = "";
			projectRoot = "";
			targets = (
				792A4A502BDAEB0500CBCCB1 /* Person-Go */,
			);
		};
/* End PBXProject section */

/* Begin PBXResourcesBuildPhase section */
		792A4A4F2BDAEB0500CBCCB1 /* Resources */ = {
			isa = PBXResourcesBuildPhase;
			buildActionMask = 2147483647;
			files = (
				36B218A02BE920EC00CAE5AB /* Release.xcconfig in Resources */,
				27FFF3E32BE50DC10008B22B /* LaunchScreen.storyboard in Resources */,
				792A4A5C2BDAEB0800CBCCB1 /* Preview Assets.xcassets in Resources */,
				36B218A12BE920EC00CAE5AB /* Debug.xcconfig in Resources */,
				792A4A592BDAEB0800CBCCB1 /* Assets.xcassets in Resources */,
			);
			runOnlyForDeploymentPostprocessing = 0;
		};
/* End PBXResourcesBuildPhase section */

/* Begin PBXSourcesBuildPhase section */
		792A4A4D2BDAEB0500CBCCB1 /* Sources */ = {
			isa = PBXSourcesBuildPhase;
			buildActionMask = 2147483647;
			files = (
				36B2188E2BE91F3600CAE5AB /* SecurityView.swift in Sources */,
				36B218982BE91F3600CAE5AB /* ChatWindowView.swift in Sources */,
				36B2189D2BE91F6D00CAE5AB /* Message.swift in Sources */,
				36B218922BE91F3600CAE5AB /* RegistrationView.swift in Sources */,
				36B218972BE91F3600CAE5AB /* InventoryView.swift in Sources */,
				36B2188F2BE91F3600CAE5AB /* AddFriendsView.swift in Sources */,
				27FFF3DB2BE40F940008B22B /* AppLockManager.swift in Sources */,
				271DF0562BE193C6007DC5F7 /* MapViewRepresentable.swift in Sources */,
				36B2188D2BE91F3600CAE5AB /* MapView.swift in Sources */,
				36B2189A2BE91F4C00CAE5AB /* LocationManager.swift in Sources */,
				36B218952BE91F3600CAE5AB /* ProflieView.swift in Sources */,
				7F8D6C272BF9079A0035DF7B /* NotificationView.swift in Sources */,
				271DF05C2BE23838007DC5F7 /* FriendProfileView.swift in Sources */,
				36B218962BE91F3600CAE5AB /* AuthenticationView.swift in Sources */,
				36B218912BE91F3600CAE5AB /* LoginView.swift in Sources */,
				7F8D6C232BF8F0EF0035DF7B /* LaunchListView.swift in Sources */,
				36B218932BE91F3600CAE5AB /* ChatsView.swift in Sources */,
				7F8D6C212BF8F0B30035DF7B /* Friend.swift in Sources */,
				3693DFFA2BE41215003F83BD /* UserAuth.swift in Sources */,
				36B218942BE91F3600CAE5AB /* SettingView.swift in Sources */,
				36B218902BE91F3600CAE5AB /* FriendProfileView.swift in Sources */,
				7F8D6C252BF901C80035DF7B /* AboutView.swift in Sources */,
				36B2188C2BE91F3600CAE5AB /* PasswordResetView.swift in Sources */,
				792A4A572BDAEB0500CBCCB1 /* ContentView.swift in Sources */,
				792A4A552BDAEB0500CBCCB1 /* Person_GoApp.swift in Sources */,
				792A4A572BDAEB0500CBCCB1 /* ContentView.swift in Sources */,
				792A4A552BDAEB0500CBCCB1 /* Person_GoApp.swift in Sources */,
				271DF0582BE199FF007DC5F7 /* MapViewContainer.swift in Sources */,
			);
			runOnlyForDeploymentPostprocessing = 0;
		};
/* End PBXSourcesBuildPhase section */

/* Begin XCBuildConfiguration section */
		792A4A5D2BDAEB0800CBCCB1 /* Debug */ = {
			isa = XCBuildConfiguration;
			baseConfigurationReference = 36B2189F2BE920EC00CAE5AB /* Debug.xcconfig */;
			buildSettings = {
				ALWAYS_SEARCH_USER_PATHS = NO;
				ASSETCATALOG_COMPILER_GENERATE_SWIFT_ASSET_SYMBOL_EXTENSIONS = YES;
				CLANG_ANALYZER_NONNULL = YES;
				CLANG_ANALYZER_NUMBER_OBJECT_CONVERSION = YES_AGGRESSIVE;
				CLANG_CXX_LANGUAGE_STANDARD = "gnu++20";
				CLANG_ENABLE_MODULES = YES;
				CLANG_ENABLE_OBJC_ARC = YES;
				CLANG_ENABLE_OBJC_WEAK = YES;
				CLANG_WARN_BLOCK_CAPTURE_AUTORELEASING = YES;
				CLANG_WARN_BOOL_CONVERSION = YES;
				CLANG_WARN_COMMA = YES;
				CLANG_WARN_CONSTANT_CONVERSION = YES;
				CLANG_WARN_DEPRECATED_OBJC_IMPLEMENTATIONS = YES;
				CLANG_WARN_DIRECT_OBJC_ISA_USAGE = YES_ERROR;
				CLANG_WARN_DOCUMENTATION_COMMENTS = YES;
				CLANG_WARN_EMPTY_BODY = YES;
				CLANG_WARN_ENUM_CONVERSION = YES;
				CLANG_WARN_INFINITE_RECURSION = YES;
				CLANG_WARN_INT_CONVERSION = YES;
				CLANG_WARN_NON_LITERAL_NULL_CONVERSION = YES;
				CLANG_WARN_OBJC_IMPLICIT_RETAIN_SELF = YES;
				CLANG_WARN_OBJC_LITERAL_CONVERSION = YES;
				CLANG_WARN_OBJC_ROOT_CLASS = YES_ERROR;
				CLANG_WARN_QUOTED_INCLUDE_IN_FRAMEWORK_HEADER = YES;
				CLANG_WARN_RANGE_LOOP_ANALYSIS = YES;
				CLANG_WARN_STRICT_PROTOTYPES = YES;
				CLANG_WARN_SUSPICIOUS_MOVE = YES;
				CLANG_WARN_UNGUARDED_AVAILABILITY = YES_AGGRESSIVE;
				CLANG_WARN_UNREACHABLE_CODE = YES;
				CLANG_WARN__DUPLICATE_METHOD_MATCH = YES;
				COPY_PHASE_STRIP = NO;
				DEBUG_INFORMATION_FORMAT = dwarf;
				ENABLE_STRICT_OBJC_MSGSEND = YES;
				ENABLE_TESTABILITY = YES;
				ENABLE_USER_SCRIPT_SANDBOXING = YES;
				GCC_C_LANGUAGE_STANDARD = gnu17;
				GCC_DYNAMIC_NO_PIC = NO;
				GCC_NO_COMMON_BLOCKS = YES;
				GCC_OPTIMIZATION_LEVEL = 0;
				GCC_PREPROCESSOR_DEFINITIONS = (
					"DEBUG=1",
					"$(inherited)",
				);
				GCC_WARN_64_TO_32_BIT_CONVERSION = YES;
				GCC_WARN_ABOUT_RETURN_TYPE = YES_ERROR;
				GCC_WARN_UNDECLARED_SELECTOR = YES;
				GCC_WARN_UNINITIALIZED_AUTOS = YES_AGGRESSIVE;
				GCC_WARN_UNUSED_FUNCTION = YES;
				GCC_WARN_UNUSED_VARIABLE = YES;
				IPHONEOS_DEPLOYMENT_TARGET = 17.4;
				LOCALIZATION_PREFERS_STRING_CATALOGS = YES;
				MTL_ENABLE_DEBUG_INFO = INCLUDE_SOURCE;
				MTL_FAST_MATH = YES;
				ONLY_ACTIVE_ARCH = YES;
				SDKROOT = iphoneos;
				SWIFT_ACTIVE_COMPILATION_CONDITIONS = "DEBUG $(inherited)";
				SWIFT_OPTIMIZATION_LEVEL = "-Onone";
			};
			name = Debug;
		};
		792A4A5E2BDAEB0800CBCCB1 /* Release */ = {
			isa = XCBuildConfiguration;
			baseConfigurationReference = 36B2189E2BE920EC00CAE5AB /* Release.xcconfig */;
			buildSettings = {
				ALWAYS_SEARCH_USER_PATHS = NO;
				ASSETCATALOG_COMPILER_GENERATE_SWIFT_ASSET_SYMBOL_EXTENSIONS = YES;
				CLANG_ANALYZER_NONNULL = YES;
				CLANG_ANALYZER_NUMBER_OBJECT_CONVERSION = YES_AGGRESSIVE;
				CLANG_CXX_LANGUAGE_STANDARD = "gnu++20";
				CLANG_ENABLE_MODULES = YES;
				CLANG_ENABLE_OBJC_ARC = YES;
				CLANG_ENABLE_OBJC_WEAK = YES;
				CLANG_WARN_BLOCK_CAPTURE_AUTORELEASING = YES;
				CLANG_WARN_BOOL_CONVERSION = YES;
				CLANG_WARN_COMMA = YES;
				CLANG_WARN_CONSTANT_CONVERSION = YES;
				CLANG_WARN_DEPRECATED_OBJC_IMPLEMENTATIONS = YES;
				CLANG_WARN_DIRECT_OBJC_ISA_USAGE = YES_ERROR;
				CLANG_WARN_DOCUMENTATION_COMMENTS = YES;
				CLANG_WARN_EMPTY_BODY = YES;
				CLANG_WARN_ENUM_CONVERSION = YES;
				CLANG_WARN_INFINITE_RECURSION = YES;
				CLANG_WARN_INT_CONVERSION = YES;
				CLANG_WARN_NON_LITERAL_NULL_CONVERSION = YES;
				CLANG_WARN_OBJC_IMPLICIT_RETAIN_SELF = YES;
				CLANG_WARN_OBJC_LITERAL_CONVERSION = YES;
				CLANG_WARN_OBJC_ROOT_CLASS = YES_ERROR;
				CLANG_WARN_QUOTED_INCLUDE_IN_FRAMEWORK_HEADER = YES;
				CLANG_WARN_RANGE_LOOP_ANALYSIS = YES;
				CLANG_WARN_STRICT_PROTOTYPES = YES;
				CLANG_WARN_SUSPICIOUS_MOVE = YES;
				CLANG_WARN_UNGUARDED_AVAILABILITY = YES_AGGRESSIVE;
				CLANG_WARN_UNREACHABLE_CODE = YES;
				CLANG_WARN__DUPLICATE_METHOD_MATCH = YES;
				COPY_PHASE_STRIP = NO;
				DEBUG_INFORMATION_FORMAT = "dwarf-with-dsym";
				ENABLE_NS_ASSERTIONS = NO;
				ENABLE_STRICT_OBJC_MSGSEND = YES;
				ENABLE_USER_SCRIPT_SANDBOXING = YES;
				GCC_C_LANGUAGE_STANDARD = gnu17;
				GCC_NO_COMMON_BLOCKS = YES;
				GCC_WARN_64_TO_32_BIT_CONVERSION = YES;
				GCC_WARN_ABOUT_RETURN_TYPE = YES_ERROR;
				GCC_WARN_UNDECLARED_SELECTOR = YES;
				GCC_WARN_UNINITIALIZED_AUTOS = YES_AGGRESSIVE;
				GCC_WARN_UNUSED_FUNCTION = YES;
				GCC_WARN_UNUSED_VARIABLE = YES;
				IPHONEOS_DEPLOYMENT_TARGET = 17.4;
				LOCALIZATION_PREFERS_STRING_CATALOGS = YES;
				MTL_ENABLE_DEBUG_INFO = NO;
				MTL_FAST_MATH = YES;
				SDKROOT = iphoneos;
				SWIFT_COMPILATION_MODE = wholemodule;
				VALIDATE_PRODUCT = YES;
			};
			name = Release;
		};
		792A4A602BDAEB0800CBCCB1 /* Debug */ = {
			isa = XCBuildConfiguration;
			buildSettings = {
				ASSETCATALOG_COMPILER_APPICON_NAME = AppIcon;
				ASSETCATALOG_COMPILER_GLOBAL_ACCENT_COLOR_NAME = AccentColor;
				CODE_SIGN_STYLE = Automatic;
				CURRENT_PROJECT_VERSION = 1;
				DEVELOPMENT_ASSET_PATHS = "\"Person-Go/Preview Content\"";
				DEVELOPMENT_TEAM = 8M25VBMKB9;
				ENABLE_PREVIEWS = YES;
				GENERATE_INFOPLIST_FILE = YES;
				INFOPLIST_FILE = "Person-Go/Info.plist";
				INFOPLIST_KEY_CFBundleDisplayName = "Person GO";
				INFOPLIST_KEY_NSFaceIDUsageDescription = "Face ID is required to lock app";
				INFOPLIST_KEY_NSLocationAlwaysAndWhenInUseUsageDescription = "";
				INFOPLIST_KEY_NSLocationAlwaysUsageDescription = "";
				INFOPLIST_KEY_NSLocationUsageDescription = "";
				INFOPLIST_KEY_NSLocationWhenInUseUsageDescription = "";
				INFOPLIST_KEY_UIApplicationSceneManifest_Generation = YES;
				INFOPLIST_KEY_UIApplicationSupportsIndirectInputEvents = YES;
				INFOPLIST_KEY_UILaunchScreen_Generation = YES;
				INFOPLIST_KEY_UILaunchStoryboardName = LaunchScreen.storyboard;
				INFOPLIST_KEY_UISupportedInterfaceOrientations_iPad = "UIInterfaceOrientationPortrait UIInterfaceOrientationPortraitUpsideDown UIInterfaceOrientationLandscapeLeft UIInterfaceOrientationLandscapeRight";
				INFOPLIST_KEY_UISupportedInterfaceOrientations_iPhone = "UIInterfaceOrientationPortrait UIInterfaceOrientationLandscapeLeft UIInterfaceOrientationLandscapeRight";
				IPHONEOS_DEPLOYMENT_TARGET = 16.0;
				LD_RUNPATH_SEARCH_PATHS = (
					"$(inherited)",
					"@executable_path/Frameworks",
				);
				MARKETING_VERSION = 1.0;
				PRODUCT_BUNDLE_IDENTIFIER = "personGo.GeraldPersonGO-Go";
				PRODUCT_NAME = "$(TARGET_NAME)";
				SWIFT_EMIT_LOC_STRINGS = YES;
				SWIFT_VERSION = 5.0;
				TARGETED_DEVICE_FAMILY = "1,2";
			};
			name = Debug;
		};
		792A4A612BDAEB0800CBCCB1 /* Release */ = {
			isa = XCBuildConfiguration;
			buildSettings = {
				ASSETCATALOG_COMPILER_APPICON_NAME = AppIcon;
				ASSETCATALOG_COMPILER_GLOBAL_ACCENT_COLOR_NAME = AccentColor;
				CODE_SIGN_STYLE = Automatic;
				CURRENT_PROJECT_VERSION = 1;
				DEVELOPMENT_ASSET_PATHS = "\"Person-Go/Preview Content\"";
				DEVELOPMENT_TEAM = 8M25VBMKB9;
				ENABLE_PREVIEWS = YES;
				GENERATE_INFOPLIST_FILE = YES;
				INFOPLIST_FILE = "Person-Go/Info.plist";
				INFOPLIST_KEY_CFBundleDisplayName = "Person GO";
				INFOPLIST_KEY_NSFaceIDUsageDescription = "Face ID is required to lock app";
				INFOPLIST_KEY_NSLocationAlwaysAndWhenInUseUsageDescription = "";
				INFOPLIST_KEY_NSLocationAlwaysUsageDescription = "";
				INFOPLIST_KEY_NSLocationUsageDescription = "";
				INFOPLIST_KEY_NSLocationWhenInUseUsageDescription = "";
				INFOPLIST_KEY_UIApplicationSceneManifest_Generation = YES;
				INFOPLIST_KEY_UIApplicationSupportsIndirectInputEvents = YES;
				INFOPLIST_KEY_UILaunchScreen_Generation = YES;
				INFOPLIST_KEY_UILaunchStoryboardName = LaunchScreen.storyboard;
				INFOPLIST_KEY_UISupportedInterfaceOrientations_iPad = "UIInterfaceOrientationPortrait UIInterfaceOrientationPortraitUpsideDown UIInterfaceOrientationLandscapeLeft UIInterfaceOrientationLandscapeRight";
				INFOPLIST_KEY_UISupportedInterfaceOrientations_iPhone = "UIInterfaceOrientationPortrait UIInterfaceOrientationLandscapeLeft UIInterfaceOrientationLandscapeRight";
				IPHONEOS_DEPLOYMENT_TARGET = 16.0;
				LD_RUNPATH_SEARCH_PATHS = (
					"$(inherited)",
					"@executable_path/Frameworks",
				);
				MARKETING_VERSION = 1.0;
				PRODUCT_BUNDLE_IDENTIFIER = "personGo.GeraldPersonGO-Go";
				PRODUCT_NAME = "$(TARGET_NAME)";
				SWIFT_EMIT_LOC_STRINGS = YES;
				SWIFT_VERSION = 5.0;
				TARGETED_DEVICE_FAMILY = "1,2";
			};
			name = Release;
		};
/* End XCBuildConfiguration section */

/* Begin XCConfigurationList section */
		792A4A4C2BDAEB0500CBCCB1 /* Build configuration list for PBXProject "Person-Go" */ = {
			isa = XCConfigurationList;
			buildConfigurations = (
				792A4A5D2BDAEB0800CBCCB1 /* Debug */,
				792A4A5E2BDAEB0800CBCCB1 /* Release */,
			);
			defaultConfigurationIsVisible = 0;
			defaultConfigurationName = Release;
		};
		792A4A5F2BDAEB0800CBCCB1 /* Build configuration list for PBXNativeTarget "Person-Go" */ = {
			isa = XCConfigurationList;
			buildConfigurations = (
				792A4A602BDAEB0800CBCCB1 /* Debug */,
				792A4A612BDAEB0800CBCCB1 /* Release */,
			);
			defaultConfigurationIsVisible = 0;
			defaultConfigurationName = Release;
		};
/* End XCConfigurationList section */

/* Begin XCRemoteSwiftPackageReference section */
		3693DFF42BE4080C003F83BD /* XCRemoteSwiftPackageReference "supabase-swift" */ = {
			isa = XCRemoteSwiftPackageReference;
			repositoryURL = "https://github.com/supabase-community/supabase-swift.git";
			requirement = {
				kind = upToNextMajorVersion;
				minimumVersion = 2.5.1;
			};
		};
/* End XCRemoteSwiftPackageReference section */

/* Begin XCSwiftPackageProductDependency section */
		3693DFF52BE40892003F83BD /* Supabase */ = {
			isa = XCSwiftPackageProductDependency;
			package = 3693DFF42BE4080C003F83BD /* XCRemoteSwiftPackageReference "supabase-swift" */;
			productName = Supabase;
		};
/* End XCSwiftPackageProductDependency section */
	};
	rootObject = 792A4A492BDAEB0500CBCCB1 /* Project object */;
}
